
Microsoft Visual Studio Solution File, Format Version 12.00
# Visual Studio Version 17
VisualStudioVersion = 17.7.34018.315
MinimumVisualStudioVersion = 10.0.40219.1
Project("{FAE04EC0-301F-11D3-BF4B-00C04F79EFBC}") = "Cafeteria", "Cafeteria\Cafeteria.csproj", "{40DAF550-9D4D-430F-BBAE-750376D268E4}"
EndProject
Global
	GlobalSection(SolutionConfigurationPlatforms) = preSolution
		Debug|Any CPU = Debug|Any CPU
		Release|Any CPU = Release|Any CPU
	EndGlobalSection
	GlobalSection(ProjectConfigurationPlatforms) = postSolution
		{40DAF550-9D4D-430F-BBAE-750376D268E4}.Debug|Any CPU.ActiveCfg = Debug|Any CPU
		{40DAF550-9D4D-430F-BBAE-750376D268E4}.Debug|Any CPU.Build.0 = Debug|Any CPU
		{40DAF550-9D4D-430F-BBAE-750376D268E4}.Release|Any CPU.ActiveCfg = Release|Any CPU
		{40DAF550-9D4D-430F-BBAE-750376D268E4}.Release|Any CPU.Build.0 = Release|Any CPU
	EndGlobalSection
	GlobalSection(SolutionProperties) = preSolution
		HideSolutionNode = FALSE
	EndGlobalSection
	GlobalSection(ExtensibilityGlobals) = postSolution
		SolutionGuid = {B2B23F67-F4FD-4398-AC97-D8ADB4FED5DB}
	EndGlobalSection
EndGlobal
